
Microsoft Visual Studio Solution File, Format Version 12.00
# Visual Studio Version 17
VisualStudioVersion = 17.11.35303.130
MinimumVisualStudioVersion = 10.0.40219.1
Project("{FAE04EC0-301F-11D3-BF4B-00C04F79EFBC}") = "BusTicketingApp", "BusTicketingApp\BusTicketingApp.csproj", "{A001B2DC-6DE8-4616-B71A-CDC9C53FCE64}"
EndProject
Project("{FAE04EC0-301F-11D3-BF4B-00C04F79EFBC}") = "UnitTesting", "UnitTesting\UnitTesting.csproj", "{85D3FA9E-3DEF-4768-86C0-40656468C3A5}"
EndProject
Global
	GlobalSection(SolutionConfigurationPlatforms) = preSolution
		Debug|Any CPU = Debug|Any CPU
		Release|Any CPU = Release|Any CPU
	EndGlobalSection
	GlobalSection(ProjectConfigurationPlatforms) = postSolution
		{A001B2DC-6DE8-4616-B71A-CDC9C53FCE64}.Debug|Any CPU.ActiveCfg = Debug|Any CPU
		{A001B2DC-6DE8-4616-B71A-CDC9C53FCE64}.Debug|Any CPU.Build.0 = Debug|Any CPU
		{A001B2DC-6DE8-4616-B71A-CDC9C53FCE64}.Release|Any CPU.ActiveCfg = Release|Any CPU
		{A001B2DC-6DE8-4616-B71A-CDC9C53FCE64}.Release|Any CPU.Build.0 = Release|Any CPU
		{85D3FA9E-3DEF-4768-86C0-40656468C3A5}.Debug|Any CPU.ActiveCfg = Debug|Any CPU
		{85D3FA9E-3DEF-4768-86C0-40656468C3A5}.Debug|Any CPU.Build.0 = Debug|Any CPU
		{85D3FA9E-3DEF-4768-86C0-40656468C3A5}.Release|Any CPU.ActiveCfg = Release|Any CPU
		{85D3FA9E-3DEF-4768-86C0-40656468C3A5}.Release|Any CPU.Build.0 = Release|Any CPU
	EndGlobalSection
	GlobalSection(SolutionProperties) = preSolution
		HideSolutionNode = FALSE
	EndGlobalSection
	GlobalSection(ExtensibilityGlobals) = postSolution
		SolutionGuid = {65728DE0-BDCD-4524-A8BC-D0C158B07E41}
	EndGlobalSection
EndGlobal
