
Microsoft Visual Studio Solution File, Format Version 12.00
# Visual Studio Version 17
VisualStudioVersion = 17.11.35303.130
MinimumVisualStudioVersion = 10.0.40219.1
Project("{FAE04EC0-301F-11D3-BF4B-00C04F79EFBC}") = "PizzaApplication", "PizzaApplication\PizzaApplication.csproj", "{DE2403DE-B272-4B03-8DD8-A18DCE488BA1}"
EndProject
Global
	GlobalSection(SolutionConfigurationPlatforms) = preSolution
		Debug|Any CPU = Debug|Any CPU
		Release|Any CPU = Release|Any CPU
	EndGlobalSection
	GlobalSection(ProjectConfigurationPlatforms) = postSolution
		{DE2403DE-B272-4B03-8DD8-A18DCE488BA1}.Debug|Any CPU.ActiveCfg = Debug|Any CPU
		{DE2403DE-B272-4B03-8DD8-A18DCE488BA1}.Debug|Any CPU.Build.0 = Debug|Any CPU
		{DE2403DE-B272-4B03-8DD8-A18DCE488BA1}.Release|Any CPU.ActiveCfg = Release|Any CPU
		{DE2403DE-B272-4B03-8DD8-A18DCE488BA1}.Release|Any CPU.Build.0 = Release|Any CPU
	EndGlobalSection
	GlobalSection(SolutionProperties) = preSolution
		HideSolutionNode = FALSE
	EndGlobalSection
	GlobalSection(ExtensibilityGlobals) = postSolution
		SolutionGuid = {A668C037-D245-44DF-B2AE-AA69E3B55F98}
	EndGlobalSection
EndGlobal
