
Microsoft Visual Studio Solution File, Format Version 12.00
# Visual Studio Version 17
VisualStudioVersion = 17.11.35222.181
MinimumVisualStudioVersion = 10.0.40219.1
Project("{FAE04EC0-301F-11D3-BF4B-00C04F79EFBC}") = "Longest_Shortest", "Longest_Shortest\Longest_Shortest.csproj", "{386CBD86-B045-4031-8BE5-EDED272DEBB6}"
EndProject
Global
	GlobalSection(SolutionConfigurationPlatforms) = preSolution
		Debug|Any CPU = Debug|Any CPU
		Release|Any CPU = Release|Any CPU
	EndGlobalSection
	GlobalSection(ProjectConfigurationPlatforms) = postSolution
		{386CBD86-B045-4031-8BE5-EDED272DEBB6}.Debug|Any CPU.ActiveCfg = Debug|Any CPU
		{386CBD86-B045-4031-8BE5-EDED272DEBB6}.Debug|Any CPU.Build.0 = Debug|Any CPU
		{386CBD86-B045-4031-8BE5-EDED272DEBB6}.Release|Any CPU.ActiveCfg = Release|Any CPU
		{386CBD86-B045-4031-8BE5-EDED272DEBB6}.Release|Any CPU.Build.0 = Release|Any CPU
	EndGlobalSection
	GlobalSection(SolutionProperties) = preSolution
		HideSolutionNode = FALSE
	EndGlobalSection
	GlobalSection(ExtensibilityGlobals) = postSolution
		SolutionGuid = {56F9CE6E-C513-4D3D-BFFB-BFB49B0B21CA}
	EndGlobalSection
EndGlobal
