
Microsoft Visual Studio Solution File, Format Version 12.00
# Visual Studio Version 17
VisualStudioVersion = 17.11.35222.181
MinimumVisualStudioVersion = 10.0.40219.1
Project("{FAE04EC0-301F-11D3-BF4B-00C04F79EFBC}") = "Product", "Product\Product.csproj", "{C1C2FED8-006A-4F68-B282-17E79D53CE66}"
EndProject
Global
	GlobalSection(SolutionConfigurationPlatforms) = preSolution
		Debug|Any CPU = Debug|Any CPU
		Release|Any CPU = Release|Any CPU
	EndGlobalSection
	GlobalSection(ProjectConfigurationPlatforms) = postSolution
		{C1C2FED8-006A-4F68-B282-17E79D53CE66}.Debug|Any CPU.ActiveCfg = Debug|Any CPU
		{C1C2FED8-006A-4F68-B282-17E79D53CE66}.Debug|Any CPU.Build.0 = Debug|Any CPU
		{C1C2FED8-006A-4F68-B282-17E79D53CE66}.Release|Any CPU.ActiveCfg = Release|Any CPU
		{C1C2FED8-006A-4F68-B282-17E79D53CE66}.Release|Any CPU.Build.0 = Release|Any CPU
	EndGlobalSection
	GlobalSection(SolutionProperties) = preSolution
		HideSolutionNode = FALSE
	EndGlobalSection
	GlobalSection(ExtensibilityGlobals) = postSolution
		SolutionGuid = {06EE7D89-49E3-42FC-BC96-97838C6978C6}
	EndGlobalSection
EndGlobal
