
Microsoft Visual Studio Solution File, Format Version 12.00
# Visual Studio Version 17
VisualStudioVersion = 17.11.35303.130
MinimumVisualStudioVersion = 10.0.40219.1
Project("{9A19103F-16F7-4668-BE54-9A1E7A4F7556}") = "EF_WebAPI", "EF_WebAPI\EF_WebAPI.csproj", "{7122E90D-D6C1-4479-85A7-4AEA9007CF7B}"
EndProject
Project("{FAE04EC0-301F-11D3-BF4B-00C04F79EFBC}") = "UnitTest1", "UnitTest1\UnitTest1.csproj", "{4D8F2FD2-D884-413D-9D48-26A8FC7905A1}"
EndProject
Global
	GlobalSection(SolutionConfigurationPlatforms) = preSolution
		Debug|Any CPU = Debug|Any CPU
		Release|Any CPU = Release|Any CPU
	EndGlobalSection
	GlobalSection(ProjectConfigurationPlatforms) = postSolution
		{7122E90D-D6C1-4479-85A7-4AEA9007CF7B}.Debug|Any CPU.ActiveCfg = Debug|Any CPU
		{7122E90D-D6C1-4479-85A7-4AEA9007CF7B}.Debug|Any CPU.Build.0 = Debug|Any CPU
		{7122E90D-D6C1-4479-85A7-4AEA9007CF7B}.Release|Any CPU.ActiveCfg = Release|Any CPU
		{7122E90D-D6C1-4479-85A7-4AEA9007CF7B}.Release|Any CPU.Build.0 = Release|Any CPU
		{4D8F2FD2-D884-413D-9D48-26A8FC7905A1}.Debug|Any CPU.ActiveCfg = Debug|Any CPU
		{4D8F2FD2-D884-413D-9D48-26A8FC7905A1}.Debug|Any CPU.Build.0 = Debug|Any CPU
		{4D8F2FD2-D884-413D-9D48-26A8FC7905A1}.Release|Any CPU.ActiveCfg = Release|Any CPU
		{4D8F2FD2-D884-413D-9D48-26A8FC7905A1}.Release|Any CPU.Build.0 = Release|Any CPU
	EndGlobalSection
	GlobalSection(SolutionProperties) = preSolution
		HideSolutionNode = FALSE
	EndGlobalSection
	GlobalSection(ExtensibilityGlobals) = postSolution
		SolutionGuid = {59897A78-DD8E-4A6E-BCB4-E3627CCCE845}
	EndGlobalSection
EndGlobal
